
Microsoft Visual Studio Solution File, Format Version 12.00
# Visual Studio Version 16
VisualStudioVersion = 16.0.29306.81
MinimumVisualStudioVersion = 10.0.40219.1
Project("{FAE04EC0-301F-11D3-BF4B-00C04F79EFBC}") = "build_quationary", "build_quationary\build_quationary.csproj", "{BD8666F1-582B-448E-AEF0-403D6AD2594A}"
EndProject
Global
	GlobalSection(SolutionConfigurationPlatforms) = preSolution
		Debug|Any CPU = Debug|Any CPU
		Release|Any CPU = Release|Any CPU
	EndGlobalSection
	GlobalSection(ProjectConfigurationPlatforms) = postSolution
		{BD8666F1-582B-448E-AEF0-403D6AD2594A}.Debug|Any CPU.ActiveCfg = Debug|Any CPU
		{BD8666F1-582B-448E-AEF0-403D6AD2594A}.Debug|Any CPU.Build.0 = Debug|Any CPU
		{BD8666F1-582B-448E-AEF0-403D6AD2594A}.Release|Any CPU.ActiveCfg = Release|Any CPU
		{BD8666F1-582B-448E-AEF0-403D6AD2594A}.Release|Any CPU.Build.0 = Release|Any CPU
	EndGlobalSection
	GlobalSection(SolutionProperties) = preSolution
		HideSolutionNode = FALSE
	EndGlobalSection
	GlobalSection(ExtensibilityGlobals) = postSolution
		SolutionGuid = {F0FC1C97-4FD7-4FB7-A5BF-8286B5FCAAE7}
	EndGlobalSection
EndGlobal
